
Microsoft Visual Studio Solution File, Format Version 12.00
# Visual Studio 15
VisualStudioVersion = 15.0.28307.102
MinimumVisualStudioVersion = 10.0.40219.1
Project("{FAE04EC0-301F-11D3-BF4B-00C04F79EFBC}") = "DAL", "DAL\DAL.csproj", "{1E93613F-6AF0-474A-9C69-7512ED9813DB}"
EndProject
Project("{FAE04EC0-301F-11D3-BF4B-00C04F79EFBC}") = "Entity", "Entity\Entity.csproj", "{0FC93376-8A31-4560-8C9C-57B15982DF6C}"
EndProject
Project("{FAE04EC0-301F-11D3-BF4B-00C04F79EFBC}") = "MainUIForm", "MainUIForm\MainUIForm.csproj", "{9A336976-DBA6-4E0F-8A22-C4F857DAE300}"
EndProject
Global
	GlobalSection(SolutionConfigurationPlatforms) = preSolution
		Debug|Any CPU = Debug|Any CPU
		Release|Any CPU = Release|Any CPU
	EndGlobalSection
	GlobalSection(ProjectConfigurationPlatforms) = postSolution
		{1E93613F-6AF0-474A-9C69-7512ED9813DB}.Debug|Any CPU.ActiveCfg = Debug|Any CPU
		{1E93613F-6AF0-474A-9C69-7512ED9813DB}.Debug|Any CPU.Build.0 = Debug|Any CPU
		{1E93613F-6AF0-474A-9C69-7512ED9813DB}.Release|Any CPU.ActiveCfg = Release|Any CPU
		{1E93613F-6AF0-474A-9C69-7512ED9813DB}.Release|Any CPU.Build.0 = Release|Any CPU
		{0FC93376-8A31-4560-8C9C-57B15982DF6C}.Debug|Any CPU.ActiveCfg = Debug|Any CPU
		{0FC93376-8A31-4560-8C9C-57B15982DF6C}.Debug|Any CPU.Build.0 = Debug|Any CPU
		{0FC93376-8A31-4560-8C9C-57B15982DF6C}.Release|Any CPU.ActiveCfg = Release|Any CPU
		{0FC93376-8A31-4560-8C9C-57B15982DF6C}.Release|Any CPU.Build.0 = Release|Any CPU
		{9A336976-DBA6-4E0F-8A22-C4F857DAE300}.Debug|Any CPU.ActiveCfg = Debug|Any CPU
		{9A336976-DBA6-4E0F-8A22-C4F857DAE300}.Debug|Any CPU.Build.0 = Debug|Any CPU
		{9A336976-DBA6-4E0F-8A22-C4F857DAE300}.Release|Any CPU.ActiveCfg = Release|Any CPU
		{9A336976-DBA6-4E0F-8A22-C4F857DAE300}.Release|Any CPU.Build.0 = Release|Any CPU
	EndGlobalSection
	GlobalSection(SolutionProperties) = preSolution
		HideSolutionNode = FALSE
	EndGlobalSection
	GlobalSection(ExtensibilityGlobals) = postSolution
		SolutionGuid = {38E92C98-17EA-4F7A-827A-677649E059BE}
	EndGlobalSection
EndGlobal
